// !$*UTF8*$!
{
	archiveVersion = 1;
	classes = {
	};
	objectVersion = 55;
	objects = {

/* Begin PBXBuildFile section */
		6E19B329280962E600CFD47B /* AppDelegate.swift in Sources */ = {isa = PBXBuildFile; fileRef = 6E19B328280962E600CFD47B /* AppDelegate.swift */; };
		6E19B32D280962E600CFD47B /* NotesListViewController.swift in Sources */ = {isa = PBXBuildFile; fileRef = 6E19B32C280962E600CFD47B /* NotesListViewController.swift */; };
		6E19B332280962E800CFD47B /* Assets.xcassets in Resources */ = {isa = PBXBuildFile; fileRef = 6E19B331280962E800CFD47B /* Assets.xcassets */; };
		6E19B335280962E800CFD47B /* LaunchScreen.storyboard in Resources */ = {isa = PBXBuildFile; fileRef = 6E19B333280962E800CFD47B /* LaunchScreen.storyboard */; };
		6E19B33D2809679700CFD47B /* NoteListPresenter.swift in Sources */ = {isa = PBXBuildFile; fileRef = 6E19B33C2809679700CFD47B /* NoteListPresenter.swift */; };
		6E19B33F280967A700CFD47B /* NotesListCell.swift in Sources */ = {isa = PBXBuildFile; fileRef = 6E19B33E280967A700CFD47B /* NotesListCell.swift */; };
		6E19B3412809693300CFD47B /* UIView+Extension.swift in Sources */ = {isa = PBXBuildFile; fileRef = 6E19B3402809693300CFD47B /* UIView+Extension.swift */; };
		6E19B3432809747A00CFD47B /* Note.swift in Sources */ = {isa = PBXBuildFile; fileRef = 6E19B3422809747A00CFD47B /* Note.swift */; };
		6E19B345280975CE00CFD47B /* sea.jpeg in Resources */ = {isa = PBXBuildFile; fileRef = 6E19B344280975CE00CFD47B /* sea.jpeg */; };
		6E19B34728097DFA00CFD47B /* Date+Extension.swift in Sources */ = {isa = PBXBuildFile; fileRef = 6E19B34628097DFA00CFD47B /* Date+Extension.swift */; };
		6E19B34B2809A8A600CFD47B /* NoteViewController.swift in Sources */ = {isa = PBXBuildFile; fileRef = 6E19B34A2809A8A600CFD47B /* NoteViewController.swift */; };
		6E19B34F2809B02200CFD47B /* NotePresenter.swift in Sources */ = {isa = PBXBuildFile; fileRef = 6E19B34E2809B02200CFD47B /* NotePresenter.swift */; };
		6E19B3512809C0D100CFD47B /* NoteView.swift in Sources */ = {isa = PBXBuildFile; fileRef = 6E19B3502809C0D100CFD47B /* NoteView.swift */; };
		6E19B3532809E23D00CFD47B /* ImagePickerProvider.swift in Sources */ = {isa = PBXBuildFile; fileRef = 6E19B3522809E23D00CFD47B /* ImagePickerProvider.swift */; };
		6E19B3552809E51700CFD47B /* ChoicePhotoAlertController.swift in Sources */ = {isa = PBXBuildFile; fileRef = 6E19B3542809E51700CFD47B /* ChoicePhotoAlertController.swift */; };
		6E19B35C280A0FB900CFD47B /* UIViewController+Extension.swift in Sources */ = {isa = PBXBuildFile; fileRef = 6E19B35B280A0FB900CFD47B /* UIViewController+Extension.swift */; };
		6E19B35F280A13A200CFD47B /* StorageService.swift in Sources */ = {isa = PBXBuildFile; fileRef = 6E19B35E280A13A200CFD47B /* StorageService.swift */; };
		6EC48D0E280A1B7700BD5E36 /* Note.xcdatamodeld in Sources */ = {isa = PBXBuildFile; fileRef = 6EC48D0C280A1B7700BD5E36 /* Note.xcdatamodeld */; };
/* End PBXBuildFile section */

/* Begin PBXFileReference section */
		6E19B325280962E600CFD47B /* Notes.app */ = {isa = PBXFileReference; explicitFileType = wrapper.application; includeInIndex = 0; path = Notes.app; sourceTree = BUILT_PRODUCTS_DIR; };
		6E19B328280962E600CFD47B /* AppDelegate.swift */ = {isa = PBXFileReference; lastKnownFileType = sourcecode.swift; path = AppDelegate.swift; sourceTree = "<group>"; };
		6E19B32C280962E600CFD47B /* NotesListViewController.swift */ = {isa = PBXFileReference; lastKnownFileType = sourcecode.swift; path = NotesListViewController.swift; sourceTree = "<group>"; };
		6E19B331280962E800CFD47B /* Assets.xcassets */ = {isa = PBXFileReference; lastKnownFileType = folder.assetcatalog; path = Assets.xcassets; sourceTree = "<group>"; };
		6E19B334280962E800CFD47B /* Base */ = {isa = PBXFileReference; lastKnownFileType = file.storyboard; name = Base; path = Base.lproj/LaunchScreen.storyboard; sourceTree = "<group>"; };
		6E19B336280962E800CFD47B /* Info.plist */ = {isa = PBXFileReference; lastKnownFileType = text.plist.xml; path = Info.plist; sourceTree = "<group>"; };
		6E19B33C2809679700CFD47B /* NoteListPresenter.swift */ = {isa = PBXFileReference; lastKnownFileType = sourcecode.swift; path = NoteListPresenter.swift; sourceTree = "<group>"; };
		6E19B33E280967A700CFD47B /* NotesListCell.swift */ = {isa = PBXFileReference; lastKnownFileType = sourcecode.swift; path = NotesListCell.swift; sourceTree = "<group>"; };
		6E19B3402809693300CFD47B /* UIView+Extension.swift */ = {isa = PBXFileReference; lastKnownFileType = sourcecode.swift; path = "UIView+Extension.swift"; sourceTree = "<group>"; };
		6E19B3422809747A00CFD47B /* Note.swift */ = {isa = PBXFileReference; lastKnownFileType = sourcecode.swift; path = Note.swift; sourceTree = "<group>"; };
		6E19B344280975CE00CFD47B /* sea.jpeg */ = {isa = PBXFileReference; lastKnownFileType = image.jpeg; path = sea.jpeg; sourceTree = "<group>"; };
		6E19B34628097DFA00CFD47B /* Date+Extension.swift */ = {isa = PBXFileReference; lastKnownFileType = sourcecode.swift; path = "Date+Extension.swift"; sourceTree = "<group>"; };
		6E19B34A2809A8A600CFD47B /* NoteViewController.swift */ = {isa = PBXFileReference; lastKnownFileType = sourcecode.swift; path = NoteViewController.swift; sourceTree = "<group>"; };
		6E19B34E2809B02200CFD47B /* NotePresenter.swift */ = {isa = PBXFileReference; lastKnownFileType = sourcecode.swift; path = NotePresenter.swift; sourceTree = "<group>"; };
		6E19B3502809C0D100CFD47B /* NoteView.swift */ = {isa = PBXFileReference; lastKnownFileType = sourcecode.swift; path = NoteView.swift; sourceTree = "<group>"; };
		6E19B3522809E23D00CFD47B /* ImagePickerProvider.swift */ = {isa = PBXFileReference; lastKnownFileType = sourcecode.swift; path = ImagePickerProvider.swift; sourceTree = "<group>"; };
		6E19B3542809E51700CFD47B /* ChoicePhotoAlertController.swift */ = {isa = PBXFileReference; lastKnownFileType = sourcecode.swift; path = ChoicePhotoAlertController.swift; sourceTree = "<group>"; };
		6E19B35B280A0FB900CFD47B /* UIViewController+Extension.swift */ = {isa = PBXFileReference; lastKnownFileType = sourcecode.swift; path = "UIViewController+Extension.swift"; sourceTree = "<group>"; };
		6E19B35E280A13A200CFD47B /* StorageService.swift */ = {isa = PBXFileReference; lastKnownFileType = sourcecode.swift; path = StorageService.swift; sourceTree = "<group>"; };
		6EC48D0D280A1B7700BD5E36 /* Note.xcdatamodel */ = {isa = PBXFileReference; lastKnownFileType = wrapper.xcdatamodel; path = Note.xcdatamodel; sourceTree = "<group>"; };
/* End PBXFileReference section */

/* Begin PBXFrameworksBuildPhase section */
		6E19B322280962E600CFD47B /* Frameworks */ = {
			isa = PBXFrameworksBuildPhase;
			buildActionMask = 2147483647;
			files = (
			);
			runOnlyForDeploymentPostprocessing = 0;
		};
/* End PBXFrameworksBuildPhase section */

/* Begin PBXGroup section */
		6E19B31C280962E600CFD47B = {
			isa = PBXGroup;
			children = (
				6E19B327280962E600CFD47B /* Notes */,
				6E19B326280962E600CFD47B /* Products */,
			);
			sourceTree = "<group>";
		};
		6E19B326280962E600CFD47B /* Products */ = {
			isa = PBXGroup;
			children = (
				6E19B325280962E600CFD47B /* Notes.app */,
			);
			name = Products;
			sourceTree = "<group>";
		};
		6E19B327280962E600CFD47B /* Notes */ = {
			isa = PBXGroup;
			children = (
				6E19B35A280A012400CFD47B /* Application */,
				6E19B358280A00FE00CFD47B /* Model */,
				6E19B356280A00C400CFD47B /* NoteList */,
				6E19B357280A00DD00CFD47B /* Note */,
				6E19B35D280A137300CFD47B /* Storage */,
				6E19B359280A010F00CFD47B /* Extensions */,
			);
			path = Notes;
			sourceTree = "<group>";
		};
		6E19B356280A00C400CFD47B /* NoteList */ = {
			isa = PBXGroup;
			children = (
				6EC48D12280AE59600BD5E36 /* View */,
				6EC48D11280AE58D00BD5E36 /* Presenter */,
			);
			path = NoteList;
			sourceTree = "<group>";
		};
		6E19B357280A00DD00CFD47B /* Note */ = {
			isa = PBXGroup;
			children = (
				6EC48D0F280AE1B600BD5E36 /* View */,
				6EC48D10280AE56100BD5E36 /* Presenter */,
			);
			path = Note;
			sourceTree = "<group>";
		};
		6E19B358280A00FE00CFD47B /* Model */ = {
			isa = PBXGroup;
			children = (
				6E19B3422809747A00CFD47B /* Note.swift */,
			);
			path = Model;
			sourceTree = "<group>";
		};
		6E19B359280A010F00CFD47B /* Extensions */ = {
			isa = PBXGroup;
			children = (
				6E19B34628097DFA00CFD47B /* Date+Extension.swift */,
				6E19B3402809693300CFD47B /* UIView+Extension.swift */,
				6E19B35B280A0FB900CFD47B /* UIViewController+Extension.swift */,
			);
			path = Extensions;
			sourceTree = "<group>";
		};
		6E19B35A280A012400CFD47B /* Application */ = {
			isa = PBXGroup;
			children = (
				6E19B331280962E800CFD47B /* Assets.xcassets */,
				6E19B344280975CE00CFD47B /* sea.jpeg */,
				6E19B333280962E800CFD47B /* LaunchScreen.storyboard */,
				6E19B328280962E600CFD47B /* AppDelegate.swift */,
				6E19B336280962E800CFD47B /* Info.plist */,
			);
			path = Application;
			sourceTree = "<group>";
		};
		6E19B35D280A137300CFD47B /* Storage */ = {
			isa = PBXGroup;
			children = (
				6E19B35E280A13A200CFD47B /* StorageService.swift */,
				6EC48D0C280A1B7700BD5E36 /* Note.xcdatamodeld */,
			);
			path = Storage;
			sourceTree = "<group>";
		};
		6EC48D0F280AE1B600BD5E36 /* View */ = {
			isa = PBXGroup;
			children = (
				6E19B3542809E51700CFD47B /* ChoicePhotoAlertController.swift */,
				6E19B34A2809A8A600CFD47B /* NoteViewController.swift */,
				6E19B3502809C0D100CFD47B /* NoteView.swift */,
			);
			path = View;
			sourceTree = "<group>";
		};
		6EC48D10280AE56100BD5E36 /* Presenter */ = {
			isa = PBXGroup;
			children = (
				6E19B3522809E23D00CFD47B /* ImagePickerProvider.swift */,
				6E19B34E2809B02200CFD47B /* NotePresenter.swift */,
			);
			path = Presenter;
			sourceTree = "<group>";
		};
		6EC48D11280AE58D00BD5E36 /* Presenter */ = {
			isa = PBXGroup;
			children = (
				6E19B33C2809679700CFD47B /* NoteListPresenter.swift */,
			);
			path = Presenter;
			sourceTree = "<group>";
		};
		6EC48D12280AE59600BD5E36 /* View */ = {
			isa = PBXGroup;
			children = (
				6E19B32C280962E600CFD47B /* NotesListViewController.swift */,
				6E19B33E280967A700CFD47B /* NotesListCell.swift */,
			);
			path = View;
			sourceTree = "<group>";
		};
/* End PBXGroup section */

/* Begin PBXNativeTarget section */
		6E19B324280962E600CFD47B /* Notes */ = {
			isa = PBXNativeTarget;
			buildConfigurationList = 6E19B339280962E800CFD47B /* Build configuration list for PBXNativeTarget "Notes" */;
			buildPhases = (
				6E19B321280962E600CFD47B /* Sources */,
				6E19B322280962E600CFD47B /* Frameworks */,
				6E19B323280962E600CFD47B /* Resources */,
			);
			buildRules = (
			);
			dependencies = (
			);
			name = Notes;
			productName = Notes;
			productReference = 6E19B325280962E600CFD47B /* Notes.app */;
			productType = "com.apple.product-type.application";
		};
/* End PBXNativeTarget section */

/* Begin PBXProject section */
		6E19B31D280962E600CFD47B /* Project object */ = {
			isa = PBXProject;
			attributes = {
				BuildIndependentTargetsInParallel = 1;
				LastSwiftUpdateCheck = 1330;
				LastUpgradeCheck = 1330;
				TargetAttributes = {
					6E19B324280962E600CFD47B = {
						CreatedOnToolsVersion = 13.3;
					};
				};
			};
			buildConfigurationList = 6E19B320280962E600CFD47B /* Build configuration list for PBXProject "Notes" */;
			compatibilityVersion = "Xcode 13.0";
			developmentRegion = en;
			hasScannedForEncodings = 0;
			knownRegions = (
				en,
				Base,
			);
			mainGroup = 6E19B31C280962E600CFD47B;
			productRefGroup = 6E19B326280962E600CFD47B /* Products */;
			projectDirPath = "";
			projectRoot = "";
			targets = (
				6E19B324280962E600CFD47B /* Notes */,
			);
		};
/* End PBXProject section */

/* Begin PBXResourcesBuildPhase section */
		6E19B323280962E600CFD47B /* Resources */ = {
			isa = PBXResourcesBuildPhase;
			buildActionMask = 2147483647;
			files = (
				6E19B335280962E800CFD47B /* LaunchScreen.storyboard in Resources */,
				6E19B345280975CE00CFD47B /* sea.jpeg in Resources */,
				6E19B332280962E800CFD47B /* Assets.xcassets in Resources */,
			);
			runOnlyForDeploymentPostprocessing = 0;
		};
/* End PBXResourcesBuildPhase section */

/* Begin PBXSourcesBuildPhase section */
		6E19B321280962E600CFD47B /* Sources */ = {
			isa = PBXSourcesBuildPhase;
			buildActionMask = 2147483647;
			files = (
				6E19B34B2809A8A600CFD47B /* NoteViewController.swift in Sources */,
				6E19B35C280A0FB900CFD47B /* UIViewController+Extension.swift in Sources */,
				6E19B33D2809679700CFD47B /* NoteListPresenter.swift in Sources */,
				6E19B32D280962E600CFD47B /* NotesListViewController.swift in Sources */,
				6E19B329280962E600CFD47B /* AppDelegate.swift in Sources */,
				6E19B3552809E51700CFD47B /* ChoicePhotoAlertController.swift in Sources */,
				6EC48D0E280A1B7700BD5E36 /* Note.xcdatamodeld in Sources */,
				6E19B3412809693300CFD47B /* UIView+Extension.swift in Sources */,
				6E19B35F280A13A200CFD47B /* StorageService.swift in Sources */,
				6E19B34728097DFA00CFD47B /* Date+Extension.swift in Sources */,
				6E19B3512809C0D100CFD47B /* NoteView.swift in Sources */,
				6E19B3532809E23D00CFD47B /* ImagePickerProvider.swift in Sources */,
				6E19B33F280967A700CFD47B /* NotesListCell.swift in Sources */,
				6E19B34F2809B02200CFD47B /* NotePresenter.swift in Sources */,
				6E19B3432809747A00CFD47B /* Note.swift in Sources */,
			);
			runOnlyForDeploymentPostprocessing = 0;
		};
/* End PBXSourcesBuildPhase section */

/* Begin PBXVariantGroup section */
		6E19B333280962E800CFD47B /* LaunchScreen.storyboard */ = {
			isa = PBXVariantGroup;
			children = (
				6E19B334280962E800CFD47B /* Base */,
			);
			name = LaunchScreen.storyboard;
			sourceTree = "<group>";
		};
/* End PBXVariantGroup section */

/* Begin XCBuildConfiguration section */
		6E19B337280962E800CFD47B /* Debug */ = {
			isa = XCBuildConfiguration;
			buildSettings = {
				ALWAYS_SEARCH_USER_PATHS = NO;
				CLANG_ANALYZER_NONNULL = YES;
				CLANG_ANALYZER_NUMBER_OBJECT_CONVERSION = YES_AGGRESSIVE;
				CLANG_CXX_LANGUAGE_STANDARD = "gnu++17";
				CLANG_ENABLE_MODULES = YES;
				CLANG_ENABLE_OBJC_ARC = YES;
				CLANG_ENABLE_OBJC_WEAK = YES;
				CLANG_WARN_BLOCK_CAPTURE_AUTORELEASING = YES;
				CLANG_WARN_BOOL_CONVERSION = YES;
				CLANG_WARN_COMMA = YES;
				CLANG_WARN_CONSTANT_CONVERSION = YES;
				CLANG_WARN_DEPRECATED_OBJC_IMPLEMENTATIONS = YES;
				CLANG_WARN_DIRECT_OBJC_ISA_USAGE = YES_ERROR;
				CLANG_WARN_DOCUMENTATION_COMMENTS = YES;
				CLANG_WARN_EMPTY_BODY = YES;
				CLANG_WARN_ENUM_CONVERSION = YES;
				CLANG_WARN_INFINITE_RECURSION = YES;
				CLANG_WARN_INT_CONVERSION = YES;
				CLANG_WARN_NON_LITERAL_NULL_CONVERSION = YES;
				CLANG_WARN_OBJC_IMPLICIT_RETAIN_SELF = YES;
				CLANG_WARN_OBJC_LITERAL_CONVERSION = YES;
				CLANG_WARN_OBJC_ROOT_CLASS = YES_ERROR;
				CLANG_WARN_QUOTED_INCLUDE_IN_FRAMEWORK_HEADER = YES;
				CLANG_WARN_RANGE_LOOP_ANALYSIS = YES;
				CLANG_WARN_STRICT_PROTOTYPES = YES;
				CLANG_WARN_SUSPICIOUS_MOVE = YES;
				CLANG_WARN_UNGUARDED_AVAILABILITY = YES_AGGRESSIVE;
				CLANG_WARN_UNREACHABLE_CODE = YES;
				CLANG_WARN__DUPLICATE_METHOD_MATCH = YES;
				COPY_PHASE_STRIP = NO;
				DEBUG_INFORMATION_FORMAT = dwarf;
				ENABLE_STRICT_OBJC_MSGSEND = YES;
				ENABLE_TESTABILITY = YES;
				GCC_C_LANGUAGE_STANDARD = gnu11;
				GCC_DYNAMIC_NO_PIC = NO;
				GCC_NO_COMMON_BLOCKS = YES;
				GCC_OPTIMIZATION_LEVEL = 0;
				GCC_PREPROCESSOR_DEFINITIONS = (
					"DEBUG=1",
					"$(inherited)",
				);
				GCC_WARN_64_TO_32_BIT_CONVERSION = YES;
				GCC_WARN_ABOUT_RETURN_TYPE = YES_ERROR;
				GCC_WARN_UNDECLARED_SELECTOR = YES;
				GCC_WARN_UNINITIALIZED_AUTOS = YES_AGGRESSIVE;
				GCC_WARN_UNUSED_FUNCTION = YES;
				GCC_WARN_UNUSED_VARIABLE = YES;
				IPHONEOS_DEPLOYMENT_TARGET = 15.4;
				MTL_ENABLE_DEBUG_INFO = INCLUDE_SOURCE;
				MTL_FAST_MATH = YES;
				ONLY_ACTIVE_ARCH = YES;
				SDKROOT = iphoneos;
				SWIFT_ACTIVE_COMPILATION_CONDITIONS = DEBUG;
				SWIFT_OPTIMIZATION_LEVEL = "-Onone";
			};
			name = Debug;
		};
		6E19B338280962E800CFD47B /* Release */ = {
			isa = XCBuildConfiguration;
			buildSettings = {
				ALWAYS_SEARCH_USER_PATHS = NO;
				CLANG_ANALYZER_NONNULL = YES;
				CLANG_ANALYZER_NUMBER_OBJECT_CONVERSION = YES_AGGRESSIVE;
				CLANG_CXX_LANGUAGE_STANDARD = "gnu++17";
				CLANG_ENABLE_MODULES = YES;
				CLANG_ENABLE_OBJC_ARC = YES;
				CLANG_ENABLE_OBJC_WEAK = YES;
				CLANG_WARN_BLOCK_CAPTURE_AUTORELEASING = YES;
				CLANG_WARN_BOOL_CONVERSION = YES;
				CLANG_WARN_COMMA = YES;
				CLANG_WARN_CONSTANT_CONVERSION = YES;
				CLANG_WARN_DEPRECATED_OBJC_IMPLEMENTATIONS = YES;
				CLANG_WARN_DIRECT_OBJC_ISA_USAGE = YES_ERROR;
				CLANG_WARN_DOCUMENTATION_COMMENTS = YES;
				CLANG_WARN_EMPTY_BODY = YES;
				CLANG_WARN_ENUM_CONVERSION = YES;
				CLANG_WARN_INFINITE_RECURSION = YES;
				CLANG_WARN_INT_CONVERSION = YES;
				CLANG_WARN_NON_LITERAL_NULL_CONVERSION = YES;
				CLANG_WARN_OBJC_IMPLICIT_RETAIN_SELF = YES;
				CLANG_WARN_OBJC_LITERAL_CONVERSION = YES;
				CLANG_WARN_OBJC_ROOT_CLASS = YES_ERROR;
				CLANG_WARN_QUOTED_INCLUDE_IN_FRAMEWORK_HEADER = YES;
				CLANG_WARN_RANGE_LOOP_ANALYSIS = YES;
				CLANG_WARN_STRICT_PROTOTYPES = YES;
				CLANG_WARN_SUSPICIOUS_MOVE = YES;
				CLANG_WARN_UNGUARDED_AVAILABILITY = YES_AGGRESSIVE;
				CLANG_WARN_UNREACHABLE_CODE = YES;
				CLANG_WARN__DUPLICATE_METHOD_MATCH = YES;
				COPY_PHASE_STRIP = NO;
				DEBUG_INFORMATION_FORMAT = "dwarf-with-dsym";
				ENABLE_NS_ASSERTIONS = NO;
				ENABLE_STRICT_OBJC_MSGSEND = YES;
				GCC_C_LANGUAGE_STANDARD = gnu11;
				GCC_NO_COMMON_BLOCKS = YES;
				GCC_WARN_64_TO_32_BIT_CONVERSION = YES;
				GCC_WARN_ABOUT_RETURN_TYPE = YES_ERROR;
				GCC_WARN_UNDECLARED_SELECTOR = YES;
				GCC_WARN_UNINITIALIZED_AUTOS = YES_AGGRESSIVE;
				GCC_WARN_UNUSED_FUNCTION = YES;
				GCC_WARN_UNUSED_VARIABLE = YES;
				IPHONEOS_DEPLOYMENT_TARGET = 15.4;
				MTL_ENABLE_DEBUG_INFO = NO;
				MTL_FAST_MATH = YES;
				SDKROOT = iphoneos;
				SWIFT_COMPILATION_MODE = wholemodule;
				SWIFT_OPTIMIZATION_LEVEL = "-O";
				VALIDATE_PRODUCT = YES;
			};
			name = Release;
		};
		6E19B33A280962E800CFD47B /* Debug */ = {
			isa = XCBuildConfiguration;
			buildSettings = {
				ASSETCATALOG_COMPILER_APPICON_NAME = AppIcon;
				ASSETCATALOG_COMPILER_GLOBAL_ACCENT_COLOR_NAME = AccentColor;
				CODE_SIGN_STYLE = Automatic;
				CURRENT_PROJECT_VERSION = 1;
				DEVELOPMENT_TEAM = B5K6K9GB7Y;
				GENERATE_INFOPLIST_FILE = YES;
				INFOPLIST_FILE = Notes/Application/Info.plist;
				INFOPLIST_KEY_UIApplicationSupportsIndirectInputEvents = YES;
				INFOPLIST_KEY_UILaunchStoryboardName = LaunchScreen;
				INFOPLIST_KEY_UISupportedInterfaceOrientations = "UIInterfaceOrientationPortrait UIInterfaceOrientationLandscapeLeft UIInterfaceOrientationLandscapeRight";
				INFOPLIST_KEY_UISupportedInterfaceOrientations_iPad = "UIInterfaceOrientationPortrait UIInterfaceOrientationPortraitUpsideDown UIInterfaceOrientationLandscapeLeft UIInterfaceOrientationLandscapeRight";
				INFOPLIST_KEY_UISupportedInterfaceOrientations_iPhone = "UIInterfaceOrientationPortrait UIInterfaceOrientationLandscapeLeft UIInterfaceOrientationLandscapeRight";
				IPHONEOS_DEPLOYMENT_TARGET = 15.0;
				LD_RUNPATH_SEARCH_PATHS = (
					"$(inherited)",
					"@executable_path/Frameworks",
				);
				MARKETING_VERSION = 1.0;
				PRODUCT_BUNDLE_IDENTIFIER = curyscart.Notes;
				PRODUCT_NAME = "$(TARGET_NAME)";
				SWIFT_EMIT_LOC_STRINGS = YES;
				SWIFT_VERSION = 5.0;
				TARGETED_DEVICE_FAMILY = "1,2";
			};
			name = Debug;
		};
		6E19B33B280962E800CFD47B /* Release */ = {
			isa = XCBuildConfiguration;
			buildSettings = {
				ASSETCATALOG_COMPILER_APPICON_NAME = AppIcon;
				ASSETCATALOG_COMPILER_GLOBAL_ACCENT_COLOR_NAME = AccentColor;
				CODE_SIGN_STYLE = Automatic;
				CURRENT_PROJECT_VERSION = 1;
				DEVELOPMENT_TEAM = B5K6K9GB7Y;
				GENERATE_INFOPLIST_FILE = YES;
				INFOPLIST_FILE = Notes/Application/Info.plist;
				INFOPLIST_KEY_UIApplicationSupportsIndirectInputEvents = YES;
				INFOPLIST_KEY_UILaunchStoryboardName = LaunchScreen;
				INFOPLIST_KEY_UISupportedInterfaceOrientations = "UIInterfaceOrientationPortrait UIInterfaceOrientationLandscapeLeft UIInterfaceOrientationLandscapeRight";
				INFOPLIST_KEY_UISupportedInterfaceOrientations_iPad = "UIInterfaceOrientationPortrait UIInterfaceOrientationPortraitUpsideDown UIInterfaceOrientationLandscapeLeft UIInterfaceOrientationLandscapeRight";
				INFOPLIST_KEY_UISupportedInterfaceOrientations_iPhone = "UIInterfaceOrientationPortrait UIInterfaceOrientationLandscapeLeft UIInterfaceOrientationLandscapeRight";
				IPHONEOS_DEPLOYMENT_TARGET = 15.0;
				LD_RUNPATH_SEARCH_PATHS = (
					"$(inherited)",
					"@executable_path/Frameworks",
				);
				MARKETING_VERSION = 1.0;
				PRODUCT_BUNDLE_IDENTIFIER = curyscart.Notes;
				PRODUCT_NAME = "$(TARGET_NAME)";
				SWIFT_EMIT_LOC_STRINGS = YES;
				SWIFT_VERSION = 5.0;
				TARGETED_DEVICE_FAMILY = "1,2";
			};
			name = Release;
		};
/* End XCBuildConfiguration section */

/* Begin XCConfigurationList section */
		6E19B320280962E600CFD47B /* Build configuration list for PBXProject "Notes" */ = {
			isa = XCConfigurationList;
			buildConfigurations = (
				6E19B337280962E800CFD47B /* Debug */,
				6E19B338280962E800CFD47B /* Release */,
			);
			defaultConfigurationIsVisible = 0;
			defaultConfigurationName = Release;
		};
		6E19B339280962E800CFD47B /* Build configuration list for PBXNativeTarget "Notes" */ = {
			isa = XCConfigurationList;
			buildConfigurations = (
				6E19B33A280962E800CFD47B /* Debug */,
				6E19B33B280962E800CFD47B /* Release */,
			);
			defaultConfigurationIsVisible = 0;
			defaultConfigurationName = Release;
		};
/* End XCConfigurationList section */

/* Begin XCVersionGroup section */
		6EC48D0C280A1B7700BD5E36 /* Note.xcdatamodeld */ = {
			isa = XCVersionGroup;
			children = (
				6EC48D0D280A1B7700BD5E36 /* Note.xcdatamodel */,
			);
			currentVersion = 6EC48D0D280A1B7700BD5E36 /* Note.xcdatamodel */;
			path = Note.xcdatamodeld;
			sourceTree = "<group>";
			versionGroupType = wrapper.xcdatamodel;
		};
/* End XCVersionGroup section */
	};
	rootObject = 6E19B31D280962E600CFD47B /* Project object */;
}
